
Microsoft Visual Studio Solution File, Format Version 12.00
# Visual Studio Version 16
VisualStudioVersion = 16.0.31702.278
MinimumVisualStudioVersion = 10.0.40219.1
Project("{FAE04EC0-301F-11D3-BF4B-00C04F79EFBC}") = "Urovnenie", "Urovnenie\Urovnenie.csproj", "{4CEB9256-330C-4162-A765-7D5CD7DEECBB}"
EndProject
Global
	GlobalSection(SolutionConfigurationPlatforms) = preSolution
		Debug|Any CPU = Debug|Any CPU
		Release|Any CPU = Release|Any CPU
	EndGlobalSection
	GlobalSection(ProjectConfigurationPlatforms) = postSolution
		{4CEB9256-330C-4162-A765-7D5CD7DEECBB}.Debug|Any CPU.ActiveCfg = Debug|Any CPU
		{4CEB9256-330C-4162-A765-7D5CD7DEECBB}.Debug|Any CPU.Build.0 = Debug|Any CPU
		{4CEB9256-330C-4162-A765-7D5CD7DEECBB}.Release|Any CPU.ActiveCfg = Release|Any CPU
		{4CEB9256-330C-4162-A765-7D5CD7DEECBB}.Release|Any CPU.Build.0 = Release|Any CPU
	EndGlobalSection
	GlobalSection(SolutionProperties) = preSolution
		HideSolutionNode = FALSE
	EndGlobalSection
	GlobalSection(ExtensibilityGlobals) = postSolution
		SolutionGuid = {E21572D5-B5E7-46EF-A910-9683DB2739A4}
	EndGlobalSection
EndGlobal
